// !$*UTF8*$!
{
	archiveVersion = 1;
	classes = {
	};
	objectVersion = 46;
	objects = {

/* Begin PBXBuildFile section */
		DE60F0501FB93F3B00194AE7 /* AppDelegate.swift in Sources */ = {isa = PBXBuildFile; fileRef = DE60F04F1FB93F3B00194AE7 /* AppDelegate.swift */; };
		DE60F0521FB93F3B00194AE7 /* ViewController.swift in Sources */ = {isa = PBXBuildFile; fileRef = DE60F0511FB93F3B00194AE7 /* ViewController.swift */; };
		DE60F0551FB93F3B00194AE7 /* Main.storyboard in Resources */ = {isa = PBXBuildFile; fileRef = DE60F0531FB93F3B00194AE7 /* Main.storyboard */; };
		DE60F0571FB93F3B00194AE7 /* Assets.xcassets in Resources */ = {isa = PBXBuildFile; fileRef = DE60F0561FB93F3B00194AE7 /* Assets.xcassets */; };
		DE60F05A1FB93F3B00194AE7 /* LaunchScreen.storyboard in Resources */ = {isa = PBXBuildFile; fileRef = DE60F0581FB93F3B00194AE7 /* LaunchScreen.storyboard */; };
		DE60F0651FB93F3B00194AE7 /* HelloWorldTests.swift in Sources */ = {isa = PBXBuildFile; fileRef = DE60F0641FB93F3B00194AE7 /* HelloWorldTests.swift */; };
		DE60F0701FB93F3B00194AE7 /* HelloWorldUITests.swift in Sources */ = {isa = PBXBuildFile; fileRef = DE60F06F1FB93F3B00194AE7 /* HelloWorldUITests.swift */; };
/* End PBXBuildFile section */

/* Begin PBXContainerItemProxy section */
		DE60F0611FB93F3B00194AE7 /* PBXContainerItemProxy */ = {
			isa = PBXContainerItemProxy;
			containerPortal = DE60F0441FB93F3B00194AE7 /* Project object */;
			proxyType = 1;
			remoteGlobalIDString = DE60F04B1FB93F3B00194AE7;
			remoteInfo = HelloWorld;
		};
		DE60F06C1FB93F3B00194AE7 /* PBXContainerItemProxy */ = {
			isa = PBXContainerItemProxy;
			containerPortal = DE60F0441FB93F3B00194AE7 /* Project object */;
			proxyType = 1;
			remoteGlobalIDString = DE60F04B1FB93F3B00194AE7;
			remoteInfo = HelloWorld;
		};
/* End PBXContainerItemProxy section */

/* Begin PBXFileReference section */
		DE60F04C1FB93F3B00194AE7 /* HelloWorld.app */ = {isa = PBXFileReference; explicitFileType = wrapper.application; includeInIndex = 0; path = HelloWorld.app; sourceTree = BUILT_PRODUCTS_DIR; };
		DE60F04F1FB93F3B00194AE7 /* AppDelegate.swift */ = {isa = PBXFileReference; lastKnownFileType = sourcecode.swift; path = AppDelegate.swift; sourceTree = "<group>"; };
		DE60F0511FB93F3B00194AE7 /* ViewController.swift */ = {isa = PBXFileReference; lastKnownFileType = sourcecode.swift; path = ViewController.swift; sourceTree = "<group>"; };
		DE60F0541FB93F3B00194AE7 /* Base */ = {isa = PBXFileReference; lastKnownFileType = file.storyboard; name = Base; path = Base.lproj/Main.storyboard; sourceTree = "<group>"; };
		DE60F0561FB93F3B00194AE7 /* Assets.xcassets */ = {isa = PBXFileReference; lastKnownFileType = folder.assetcatalog; path = Assets.xcassets; sourceTree = "<group>"; };
		DE60F0591FB93F3B00194AE7 /* Base */ = {isa = PBXFileReference; lastKnownFileType = file.storyboard; name = Base; path = Base.lproj/LaunchScreen.storyboard; sourceTree = "<group>"; };
		DE60F05B1FB93F3B00194AE7 /* Info.plist */ = {isa = PBXFileReference; lastKnownFileType = text.plist.xml; path = Info.plist; sourceTree = "<group>"; };
		DE60F0601FB93F3B00194AE7 /* HelloWorldTests.xctest */ = {isa = PBXFileReference; explicitFileType = wrapper.cfbundle; includeInIndex = 0; path = HelloWorldTests.xctest; sourceTree = BUILT_PRODUCTS_DIR; };
		DE60F0641FB93F3B00194AE7 /* HelloWorldTests.swift */ = {isa = PBXFileReference; lastKnownFileType = sourcecode.swift; path = HelloWorldTests.swift; sourceTree = "<group>"; };
		DE60F0661FB93F3B00194AE7 /* Info.plist */ = {isa = PBXFileReference; lastKnownFileType = text.plist.xml; path = Info.plist; sourceTree = "<group>"; };
		DE60F06B1FB93F3B00194AE7 /* HelloWorldUITests.xctest */ = {isa = PBXFileReference; explicitFileType = wrapper.cfbundle; includeInIndex = 0; path = HelloWorldUITests.xctest; sourceTree = BUILT_PRODUCTS_DIR; };
		DE60F06F1FB93F3B00194AE7 /* HelloWorldUITests.swift */ = {isa = PBXFileReference; lastKnownFileType = sourcecode.swift; path = HelloWorldUITests.swift; sourceTree = "<group>"; };
		DE60F0711FB93F3B00194AE7 /* Info.plist */ = {isa = PBXFileReference; lastKnownFileType = text.plist.xml; path = Info.plist; sourceTree = "<group>"; };
/* End PBXFileReference section */

/* Begin PBXFrameworksBuildPhase section */
		DE60F0491FB93F3B00194AE7 /* Frameworks */ = {
			isa = PBXFrameworksBuildPhase;
			buildActionMask = 2147483647;
			files = (
			);
			runOnlyForDeploymentPostprocessing = 0;
		};
		DE60F05D1FB93F3B00194AE7 /* Frameworks */ = {
			isa = PBXFrameworksBuildPhase;
			buildActionMask = 2147483647;
			files = (
			);
			runOnlyForDeploymentPostprocessing = 0;
		};
		DE60F0681FB93F3B00194AE7 /* Frameworks */ = {
			isa = PBXFrameworksBuildPhase;
			buildActionMask = 2147483647;
			files = (
			);
			runOnlyForDeploymentPostprocessing = 0;
		};
/* End PBXFrameworksBuildPhase section */

/* Begin PBXGroup section */
		DE60F0431FB93F3B00194AE7 = {
			isa = PBXGroup;
			children = (
				DE60F04E1FB93F3B00194AE7 /* HelloWorld */,
				DE60F0631FB93F3B00194AE7 /* HelloWorldTests */,
				DE60F06E1FB93F3B00194AE7 /* HelloWorldUITests */,
				DE60F04D1FB93F3B00194AE7 /* Products */,
			);
			sourceTree = "<group>";
		};
		DE60F04D1FB93F3B00194AE7 /* Products */ = {
			isa = PBXGroup;
			children = (
				DE60F04C1FB93F3B00194AE7 /* HelloWorld.app */,
				DE60F0601FB93F3B00194AE7 /* HelloWorldTests.xctest */,
				DE60F06B1FB93F3B00194AE7 /* HelloWorldUITests.xctest */,
			);
			name = Products;
			sourceTree = "<group>";
		};
		DE60F04E1FB93F3B00194AE7 /* HelloWorld */ = {
			isa = PBXGroup;
			children = (
				DE60F04F1FB93F3B00194AE7 /* AppDelegate.swift */,
				DE60F0511FB93F3B00194AE7 /* ViewController.swift */,
				DE60F0531FB93F3B00194AE7 /* Main.storyboard */,
				DE60F0561FB93F3B00194AE7 /* Assets.xcassets */,
				DE60F0581FB93F3B00194AE7 /* LaunchScreen.storyboard */,
				DE60F05B1FB93F3B00194AE7 /* Info.plist */,
			);
			path = HelloWorld;
			sourceTree = "<group>";
		};
		DE60F0631FB93F3B00194AE7 /* HelloWorldTests */ = {
			isa = PBXGroup;
			children = (
				DE60F0641FB93F3B00194AE7 /* HelloWorldTests.swift */,
				DE60F0661FB93F3B00194AE7 /* Info.plist */,
			);
			path = HelloWorldTests;
			sourceTree = "<group>";
		};
		DE60F06E1FB93F3B00194AE7 /* HelloWorldUITests */ = {
			isa = PBXGroup;
			children = (
				DE60F06F1FB93F3B00194AE7 /* HelloWorldUITests.swift */,
				DE60F0711FB93F3B00194AE7 /* Info.plist */,
			);
			path = HelloWorldUITests;
			sourceTree = "<group>";
		};
/* End PBXGroup section */

/* Begin PBXNativeTarget section */
		DE60F04B1FB93F3B00194AE7 /* HelloWorld */ = {
			isa = PBXNativeTarget;
			buildConfigurationList = DE60F0741FB93F3B00194AE7 /* Build configuration list for PBXNativeTarget "HelloWorld" */;
			buildPhases = (
				DE60F0481FB93F3B00194AE7 /* Sources */,
				DE60F0491FB93F3B00194AE7 /* Frameworks */,
				DE60F04A1FB93F3B00194AE7 /* Resources */,
			);
			buildRules = (
			);
			dependencies = (
			);
			name = HelloWorld;
			productName = HelloWorld;
			productReference = DE60F04C1FB93F3B00194AE7 /* HelloWorld.app */;
			productType = "com.apple.product-type.application";
		};
		DE60F05F1FB93F3B00194AE7 /* HelloWorldTests */ = {
			isa = PBXNativeTarget;
			buildConfigurationList = DE60F0771FB93F3B00194AE7 /* Build configuration list for PBXNativeTarget "HelloWorldTests" */;
			buildPhases = (
				DE60F05C1FB93F3B00194AE7 /* Sources */,
				DE60F05D1FB93F3B00194AE7 /* Frameworks */,
				DE60F05E1FB93F3B00194AE7 /* Resources */,
			);
			buildRules = (
			);
			dependencies = (
				DE60F0621FB93F3B00194AE7 /* PBXTargetDependency */,
			);
			name = HelloWorldTests;
			productName = HelloWorldTests;
			productReference = DE60F0601FB93F3B00194AE7 /* HelloWorldTests.xctest */;
			productType = "com.apple.product-type.bundle.unit-test";
		};
		DE60F06A1FB93F3B00194AE7 /* HelloWorldUITests */ = {
			isa = PBXNativeTarget;
			buildConfigurationList = DE60F07A1FB93F3B00194AE7 /* Build configuration list for PBXNativeTarget "HelloWorldUITests" */;
			buildPhases = (
				DE60F0671FB93F3B00194AE7 /* Sources */,
				DE60F0681FB93F3B00194AE7 /* Frameworks */,
				DE60F0691FB93F3B00194AE7 /* Resources */,
			);
			buildRules = (
			);
			dependencies = (
				DE60F06D1FB93F3B00194AE7 /* PBXTargetDependency */,
			);
			name = HelloWorldUITests;
			productName = HelloWorldUITests;
			productReference = DE60F06B1FB93F3B00194AE7 /* HelloWorldUITests.xctest */;
			productType = "com.apple.product-type.bundle.ui-testing";
		};
/* End PBXNativeTarget section */

/* Begin PBXProject section */
		DE60F0441FB93F3B00194AE7 /* Project object */ = {
			isa = PBXProject;
			attributes = {
				LastSwiftUpdateCheck = 0830;
				LastUpgradeCheck = 0830;
				ORGANIZATIONNAME = katsushima;
				TargetAttributes = {
					DE60F04B1FB93F3B00194AE7 = {
						CreatedOnToolsVersion = 8.3.3;
						ProvisioningStyle = Automatic;
					};
					DE60F05F1FB93F3B00194AE7 = {
						CreatedOnToolsVersion = 8.3.3;
						ProvisioningStyle = Automatic;
						TestTargetID = DE60F04B1FB93F3B00194AE7;
					};
					DE60F06A1FB93F3B00194AE7 = {
						CreatedOnToolsVersion = 8.3.3;
						ProvisioningStyle = Automatic;
						TestTargetID = DE60F04B1FB93F3B00194AE7;
					};
				};
			};
			buildConfigurationList = DE60F0471FB93F3B00194AE7 /* Build configuration list for PBXProject "HelloWorld" */;
			compatibilityVersion = "Xcode 3.2";
			developmentRegion = English;
			hasScannedForEncodings = 0;
			knownRegions = (
				en,
				Base,
			);
			mainGroup = DE60F0431FB93F3B00194AE7;
			productRefGroup = DE60F04D1FB93F3B00194AE7 /* Products */;
			projectDirPath = "";
			projectRoot = "";
			targets = (
				DE60F04B1FB93F3B00194AE7 /* HelloWorld */,
				DE60F05F1FB93F3B00194AE7 /* HelloWorldTests */,
				DE60F06A1FB93F3B00194AE7 /* HelloWorldUITests */,
			);
		};
/* End PBXProject section */

/* Begin PBXResourcesBuildPhase section */
		DE60F04A1FB93F3B00194AE7 /* Resources */ = {
			isa = PBXResourcesBuildPhase;
			buildActionMask = 2147483647;
			files = (
				DE60F05A1FB93F3B00194AE7 /* LaunchScreen.storyboard in Resources */,
				DE60F0571FB93F3B00194AE7 /* Assets.xcassets in Resources */,
				DE60F0551FB93F3B00194AE7 /* Main.storyboard in Resources */,
			);
			runOnlyForDeploymentPostprocessing = 0;
		};
		DE60F05E1FB93F3B00194AE7 /* Resources */ = {
			isa = PBXResourcesBuildPhase;
			buildActionMask = 2147483647;
			files = (
			);
			runOnlyForDeploymentPostprocessing = 0;
		};
		DE60F0691FB93F3B00194AE7 /* Resources */ = {
			isa = PBXResourcesBuildPhase;
			buildActionMask = 2147483647;
			files = (
			);
			runOnlyForDeploymentPostprocessing = 0;
		};
/* End PBXResourcesBuildPhase section */

/* Begin PBXSourcesBuildPhase section */
		DE60F0481FB93F3B00194AE7 /* Sources */ = {
			isa = PBXSourcesBuildPhase;
			buildActionMask = 2147483647;
			files = (
				DE60F0521FB93F3B00194AE7 /* ViewController.swift in Sources */,
				DE60F0501FB93F3B00194AE7 /* AppDelegate.swift in Sources */,
			);
			runOnlyForDeploymentPostprocessing = 0;
		};
		DE60F05C1FB93F3B00194AE7 /* Sources */ = {
			isa = PBXSourcesBuildPhase;
			buildActionMask = 2147483647;
			files = (
				DE60F0651FB93F3B00194AE7 /* HelloWorldTests.swift in Sources */,
			);
			runOnlyForDeploymentPostprocessing = 0;
		};
		DE60F0671FB93F3B00194AE7 /* Sources */ = {
			isa = PBXSourcesBuildPhase;
			buildActionMask = 2147483647;
			files = (
				DE60F0701FB93F3B00194AE7 /* HelloWorldUITests.swift in Sources */,
			);
			runOnlyForDeploymentPostprocessing = 0;
		};
/* End PBXSourcesBuildPhase section */

/* Begin PBXTargetDependency section */
		DE60F0621FB93F3B00194AE7 /* PBXTargetDependency */ = {
			isa = PBXTargetDependency;
			target = DE60F04B1FB93F3B00194AE7 /* HelloWorld */;
			targetProxy = DE60F0611FB93F3B00194AE7 /* PBXContainerItemProxy */;
		};
		DE60F06D1FB93F3B00194AE7 /* PBXTargetDependency */ = {
			isa = PBXTargetDependency;
			target = DE60F04B1FB93F3B00194AE7 /* HelloWorld */;
			targetProxy = DE60F06C1FB93F3B00194AE7 /* PBXContainerItemProxy */;
		};
/* End PBXTargetDependency section */

/* Begin PBXVariantGroup section */
		DE60F0531FB93F3B00194AE7 /* Main.storyboard */ = {
			isa = PBXVariantGroup;
			children = (
				DE60F0541FB93F3B00194AE7 /* Base */,
			);
			name = Main.storyboard;
			sourceTree = "<group>";
		};
		DE60F0581FB93F3B00194AE7 /* LaunchScreen.storyboard */ = {
			isa = PBXVariantGroup;
			children = (
				DE60F0591FB93F3B00194AE7 /* Base */,
			);
			name = LaunchScreen.storyboard;
			sourceTree = "<group>";
		};
/* End PBXVariantGroup section */

/* Begin XCBuildConfiguration section */
		DE60F0721FB93F3B00194AE7 /* Debug */ = {
			isa = XCBuildConfiguration;
			buildSettings = {
				ALWAYS_SEARCH_USER_PATHS = NO;
				CLANG_ANALYZER_NONNULL = YES;
				CLANG_ANALYZER_NUMBER_OBJECT_CONVERSION = YES_AGGRESSIVE;
				CLANG_CXX_LANGUAGE_STANDARD = "gnu++0x";
				CLANG_CXX_LIBRARY = "libc++";
				CLANG_ENABLE_MODULES = YES;
				CLANG_ENABLE_OBJC_ARC = YES;
				CLANG_WARN_BOOL_CONVERSION = YES;
				CLANG_WARN_CONSTANT_CONVERSION = YES;
				CLANG_WARN_DIRECT_OBJC_ISA_USAGE = YES_ERROR;
				CLANG_WARN_DOCUMENTATION_COMMENTS = YES;
				CLANG_WARN_EMPTY_BODY = YES;
				CLANG_WARN_ENUM_CONVERSION = YES;
				CLANG_WARN_INFINITE_RECURSION = YES;
				CLANG_WARN_INT_CONVERSION = YES;
				CLANG_WARN_OBJC_ROOT_CLASS = YES_ERROR;
				CLANG_WARN_SUSPICIOUS_MOVE = YES;
				CLANG_WARN_UNREACHABLE_CODE = YES;
				CLANG_WARN__DUPLICATE_METHOD_MATCH = YES;
				"CODE_SIGN_IDENTITY[sdk=iphoneos*]" = "iPhone Developer";
				COPY_PHASE_STRIP = NO;
				DEBUG_INFORMATION_FORMAT = dwarf;
				ENABLE_STRICT_OBJC_MSGSEND = YES;
				ENABLE_TESTABILITY = YES;
				GCC_C_LANGUAGE_STANDARD = gnu99;
				GCC_DYNAMIC_NO_PIC = NO;
				GCC_NO_COMMON_BLOCKS = YES;
				GCC_OPTIMIZATION_LEVEL = 0;
				GCC_PREPROCESSOR_DEFINITIONS = (
					"DEBUG=1",
					"$(inherited)",
				);
				GCC_WARN_64_TO_32_BIT_CONVERSION = YES;
				GCC_WARN_ABOUT_RETURN_TYPE = YES_ERROR;
				GCC_WARN_UNDECLARED_SELECTOR = YES;
				GCC_WARN_UNINITIALIZED_AUTOS = YES_AGGRESSIVE;
				GCC_WARN_UNUSED_FUNCTION = YES;
				GCC_WARN_UNUSED_VARIABLE = YES;
				IPHONEOS_DEPLOYMENT_TARGET = 10.3;
				MTL_ENABLE_DEBUG_INFO = YES;
				ONLY_ACTIVE_ARCH = YES;
				SDKROOT = iphoneos;
				SWIFT_ACTIVE_COMPILATION_CONDITIONS = DEBUG;
				SWIFT_OPTIMIZATION_LEVEL = "-Onone";
			};
			name = Debug;
		};
		DE60F0731FB93F3B00194AE7 /* Release */ = {
			isa = XCBuildConfiguration;
			buildSettings = {
				ALWAYS_SEARCH_USER_PATHS = NO;
				CLANG_ANALYZER_NONNULL = YES;
				CLANG_ANALYZER_NUMBER_OBJECT_CONVERSION = YES_AGGRESSIVE;
				CLANG_CXX_LANGUAGE_STANDARD = "gnu++0x";
				CLANG_CXX_LIBRARY = "libc++";
				CLANG_ENABLE_MODULES = YES;
				CLANG_ENABLE_OBJC_ARC = YES;
				CLANG_WARN_BOOL_CONVERSION = YES;
				CLANG_WARN_CONSTANT_CONVERSION = YES;
				CLANG_WARN_DIRECT_OBJC_ISA_USAGE = YES_ERROR;
				CLANG_WARN_DOCUMENTATION_COMMENTS = YES;
				CLANG_WARN_EMPTY_BODY = YES;
				CLANG_WARN_ENUM_CONVERSION = YES;
				CLANG_WARN_INFINITE_RECURSION = YES;
				CLANG_WARN_INT_CONVERSION = YES;
				CLANG_WARN_OBJC_ROOT_CLASS = YES_ERROR;
				CLANG_WARN_SUSPICIOUS_MOVE = YES;
				CLANG_WARN_UNREACHABLE_CODE = YES;
				CLANG_WARN__DUPLICATE_METHOD_MATCH = YES;
				"CODE_SIGN_IDENTITY[sdk=iphoneos*]" = "iPhone Developer";
				COPY_PHASE_STRIP = NO;
				DEBUG_INFORMATION_FORMAT = "dwarf-with-dsym";
				ENABLE_NS_ASSERTIONS = NO;
				ENABLE_STRICT_OBJC_MSGSEND = YES;
				GCC_C_LANGUAGE_STANDARD = gnu99;
				GCC_NO_COMMON_BLOCKS = YES;
				GCC_WARN_64_TO_32_BIT_CONVERSION = YES;
				GCC_WARN_ABOUT_RETURN_TYPE = YES_ERROR;
				GCC_WARN_UNDECLARED_SELECTOR = YES;
				GCC_WARN_UNINITIALIZED_AUTOS = YES_AGGRESSIVE;
				GCC_WARN_UNUSED_FUNCTION = YES;
				GCC_WARN_UNUSED_VARIABLE = YES;
				IPHONEOS_DEPLOYMENT_TARGET = 10.3;
				MTL_ENABLE_DEBUG_INFO = NO;
				SDKROOT = iphoneos;
				SWIFT_OPTIMIZATION_LEVEL = "-Owholemodule";
				VALIDATE_PRODUCT = YES;
			};
			name = Release;
		};
		DE60F0751FB93F3B00194AE7 /* Debug */ = {
			isa = XCBuildConfiguration;
			buildSettings = {
				ASSETCATALOG_COMPILER_APPICON_NAME = AppIcon;
				INFOPLIST_FILE = HelloWorld/Info.plist;
				LD_RUNPATH_SEARCH_PATHS = "$(inherited) @executable_path/Frameworks";
				PRODUCT_BUNDLE_IDENTIFIER = jp.techacademy.katsushima.HelloWorld;
				PRODUCT_NAME = "$(TARGET_NAME)";
				SWIFT_VERSION = 3.0;
			};
			name = Debug;
		};
		DE60F0761FB93F3B00194AE7 /* Release */ = {
			isa = XCBuildConfiguration;
			buildSettings = {
				ASSETCATALOG_COMPILER_APPICON_NAME = AppIcon;
				INFOPLIST_FILE = HelloWorld/Info.plist;
				LD_RUNPATH_SEARCH_PATHS = "$(inherited) @executable_path/Frameworks";
				PRODUCT_BUNDLE_IDENTIFIER = jp.techacademy.katsushima.HelloWorld;
				PRODUCT_NAME = "$(TARGET_NAME)";
				SWIFT_VERSION = 3.0;
			};
			name = Release;
		};
		DE60F0781FB93F3B00194AE7 /* Debug */ = {
			isa = XCBuildConfiguration;
			buildSettings = {
				ALWAYS_EMBED_SWIFT_STANDARD_LIBRARIES = YES;
				BUNDLE_LOADER = "$(TEST_HOST)";
				INFOPLIST_FILE = HelloWorldTests/Info.plist;
				LD_RUNPATH_SEARCH_PATHS = "$(inherited) @executable_path/Frameworks @loader_path/Frameworks";
				PRODUCT_BUNDLE_IDENTIFIER = jp.techacademy.katsushima.HelloWorldTests;
				PRODUCT_NAME = "$(TARGET_NAME)";
				SWIFT_VERSION = 3.0;
				TEST_HOST = "$(BUILT_PRODUCTS_DIR)/HelloWorld.app/HelloWorld";
			};
			name = Debug;
		};
		DE60F0791FB93F3B00194AE7 /* Release */ = {
			isa = XCBuildConfiguration;
			buildSettings = {
				ALWAYS_EMBED_SWIFT_STANDARD_LIBRARIES = YES;
				BUNDLE_LOADER = "$(TEST_HOST)";
				INFOPLIST_FILE = HelloWorldTests/Info.plist;
				LD_RUNPATH_SEARCH_PATHS = "$(inherited) @executable_path/Frameworks @loader_path/Frameworks";
				PRODUCT_BUNDLE_IDENTIFIER = jp.techacademy.katsushima.HelloWorldTests;
				PRODUCT_NAME = "$(TARGET_NAME)";
				SWIFT_VERSION = 3.0;
				TEST_HOST = "$(BUILT_PRODUCTS_DIR)/HelloWorld.app/HelloWorld";
			};
			name = Release;
		};
		DE60F07B1FB93F3B00194AE7 /* Debug */ = {
			isa = XCBuildConfiguration;
			buildSettings = {
				ALWAYS_EMBED_SWIFT_STANDARD_LIBRARIES = YES;
				INFOPLIST_FILE = HelloWorldUITests/Info.plist;
				LD_RUNPATH_SEARCH_PATHS = "$(inherited) @executable_path/Frameworks @loader_path/Frameworks";
				PRODUCT_BUNDLE_IDENTIFIER = jp.techacademy.katsushima.HelloWorldUITests;
				PRODUCT_NAME = "$(TARGET_NAME)";
				SWIFT_VERSION = 3.0;
				TEST_TARGET_NAME = HelloWorld;
			};
			name = Debug;
		};
		DE60F07C1FB93F3B00194AE7 /* Release */ = {
			isa = XCBuildConfiguration;
			buildSettings = {
				ALWAYS_EMBED_SWIFT_STANDARD_LIBRARIES = YES;
				INFOPLIST_FILE = HelloWorldUITests/Info.plist;
				LD_RUNPATH_SEARCH_PATHS = "$(inherited) @executable_path/Frameworks @loader_path/Frameworks";
				PRODUCT_BUNDLE_IDENTIFIER = jp.techacademy.katsushima.HelloWorldUITests;
				PRODUCT_NAME = "$(TARGET_NAME)";
				SWIFT_VERSION = 3.0;
				TEST_TARGET_NAME = HelloWorld;
			};
			name = Release;
		};
/* End XCBuildConfiguration section */

/* Begin XCConfigurationList section */
		DE60F0471FB93F3B00194AE7 /* Build configuration list for PBXProject "HelloWorld" */ = {
			isa = XCConfigurationList;
			buildConfigurations = (
				DE60F0721FB93F3B00194AE7 /* Debug */,
				DE60F0731FB93F3B00194AE7 /* Release */,
			);
			defaultConfigurationIsVisible = 0;
			defaultConfigurationName = Release;
		};
		DE60F0741FB93F3B00194AE7 /* Build configuration list for PBXNativeTarget "HelloWorld" */ = {
			isa = XCConfigurationList;
			buildConfigurations = (
				DE60F0751FB93F3B00194AE7 /* Debug */,
				DE60F0761FB93F3B00194AE7 /* Release */,
			);
			defaultConfigurationIsVisible = 0;
		};
		DE60F0771FB93F3B00194AE7 /* Build configuration list for PBXNativeTarget "HelloWorldTests" */ = {
			isa = XCConfigurationList;
			buildConfigurations = (
				DE60F0781FB93F3B00194AE7 /* Debug */,
				DE60F0791FB93F3B00194AE7 /* Release */,
			);
			defaultConfigurationIsVisible = 0;
		};
		DE60F07A1FB93F3B00194AE7 /* Build configuration list for PBXNativeTarget "HelloWorldUITests" */ = {
			isa = XCConfigurationList;
			buildConfigurations = (
				DE60F07B1FB93F3B00194AE7 /* Debug */,
				DE60F07C1FB93F3B00194AE7 /* Release */,
			);
			defaultConfigurationIsVisible = 0;
		};
/* End XCConfigurationList section */
	};
	rootObject = DE60F0441FB93F3B00194AE7 /* Project object */;
}
